// !$*UTF8*$!
{
	archiveVersion = 1;
	classes = {
	};
	objectVersion = 50;
	objects = {

/* Begin PBXBuildFile section */
		9BD5A2E22581AE1C00B5D320 /* AppDelegate.swift in Sources */ = {isa = PBXBuildFile; fileRef = 9BD5A2E12581AE1C00B5D320 /* AppDelegate.swift */; };
		9BD5A2E42581AE1C00B5D320 /* SceneDelegate.swift in Sources */ = {isa = PBXBuildFile; fileRef = 9BD5A2E32581AE1C00B5D320 /* SceneDelegate.swift */; };
		9BD5A2E62581AE1C00B5D320 /* ViewController.swift in Sources */ = {isa = PBXBuildFile; fileRef = 9BD5A2E52581AE1C00B5D320 /* ViewController.swift */; };
		9BD5A2E92581AE1C00B5D320 /* Main.storyboard in Resources */ = {isa = PBXBuildFile; fileRef = 9BD5A2E72581AE1C00B5D320 /* Main.storyboard */; };
		9BD5A2EC2581AE1C00B5D320 /* revision_paper_01.xcdatamodeld in Sources */ = {isa = PBXBuildFile; fileRef = 9BD5A2EA2581AE1C00B5D320 /* revision_paper_01.xcdatamodeld */; };
		9BD5A2EE2581AE1E00B5D320 /* Assets.xcassets in Resources */ = {isa = PBXBuildFile; fileRef = 9BD5A2ED2581AE1E00B5D320 /* Assets.xcassets */; };
		9BD5A2F12581AE1E00B5D320 /* LaunchScreen.storyboard in Resources */ = {isa = PBXBuildFile; fileRef = 9BD5A2EF2581AE1E00B5D320 /* LaunchScreen.storyboard */; };
		9BD5A2FA2581B0F000B5D320 /* RecipeTableViewController.swift in Sources */ = {isa = PBXBuildFile; fileRef = 9BD5A2F92581B0F000B5D320 /* RecipeTableViewController.swift */; };
		9BD5A3002581B25B00B5D320 /* AddRecipeViewController.swift in Sources */ = {isa = PBXBuildFile; fileRef = 9BD5A2FF2581B25B00B5D320 /* AddRecipeViewController.swift */; };
/* End PBXBuildFile section */

/* Begin PBXFileReference section */
		9BD5A2DE2581AE1C00B5D320 /* revision_paper_01.app */ = {isa = PBXFileReference; explicitFileType = wrapper.application; includeInIndex = 0; path = revision_paper_01.app; sourceTree = BUILT_PRODUCTS_DIR; };
		9BD5A2E12581AE1C00B5D320 /* AppDelegate.swift */ = {isa = PBXFileReference; lastKnownFileType = sourcecode.swift; path = AppDelegate.swift; sourceTree = "<group>"; };
		9BD5A2E32581AE1C00B5D320 /* SceneDelegate.swift */ = {isa = PBXFileReference; lastKnownFileType = sourcecode.swift; path = SceneDelegate.swift; sourceTree = "<group>"; };
		9BD5A2E52581AE1C00B5D320 /* ViewController.swift */ = {isa = PBXFileReference; lastKnownFileType = sourcecode.swift; path = ViewController.swift; sourceTree = "<group>"; };
		9BD5A2E82581AE1C00B5D320 /* Base */ = {isa = PBXFileReference; lastKnownFileType = file.storyboard; name = Base; path = Base.lproj/Main.storyboard; sourceTree = "<group>"; };
		9BD5A2EB2581AE1C00B5D320 /* revision_paper_01.xcdatamodel */ = {isa = PBXFileReference; lastKnownFileType = wrapper.xcdatamodel; path = revision_paper_01.xcdatamodel; sourceTree = "<group>"; };
		9BD5A2ED2581AE1E00B5D320 /* Assets.xcassets */ = {isa = PBXFileReference; lastKnownFileType = folder.assetcatalog; path = Assets.xcassets; sourceTree = "<group>"; };
		9BD5A2F02581AE1E00B5D320 /* Base */ = {isa = PBXFileReference; lastKnownFileType = file.storyboard; name = Base; path = Base.lproj/LaunchScreen.storyboard; sourceTree = "<group>"; };
		9BD5A2F22581AE1E00B5D320 /* Info.plist */ = {isa = PBXFileReference; lastKnownFileType = text.plist.xml; path = Info.plist; sourceTree = "<group>"; };
		9BD5A2F92581B0F000B5D320 /* RecipeTableViewController.swift */ = {isa = PBXFileReference; lastKnownFileType = sourcecode.swift; path = RecipeTableViewController.swift; sourceTree = "<group>"; };
		9BD5A2FF2581B25B00B5D320 /* AddRecipeViewController.swift */ = {isa = PBXFileReference; lastKnownFileType = sourcecode.swift; path = AddRecipeViewController.swift; sourceTree = "<group>"; };
/* End PBXFileReference section */

/* Begin PBXFrameworksBuildPhase section */
		9BD5A2DB2581AE1C00B5D320 /* Frameworks */ = {
			isa = PBXFrameworksBuildPhase;
			buildActionMask = 2147483647;
			files = (
			);
			runOnlyForDeploymentPostprocessing = 0;
		};
/* End PBXFrameworksBuildPhase section */

/* Begin PBXGroup section */
		9BD5A2D52581AE1C00B5D320 = {
			isa = PBXGroup;
			children = (
				9BD5A2E02581AE1C00B5D320 /* revision_paper_01 */,
				9BD5A2DF2581AE1C00B5D320 /* Products */,
			);
			sourceTree = "<group>";
		};
		9BD5A2DF2581AE1C00B5D320 /* Products */ = {
			isa = PBXGroup;
			children = (
				9BD5A2DE2581AE1C00B5D320 /* revision_paper_01.app */,
			);
			name = Products;
			sourceTree = "<group>";
		};
		9BD5A2E02581AE1C00B5D320 /* revision_paper_01 */ = {
			isa = PBXGroup;
			children = (
				9BD5A2E72581AE1C00B5D320 /* Main.storyboard */,
				9BD5A2FC2581B0FD00B5D320 /* Controller */,
				9BD5A2E12581AE1C00B5D320 /* AppDelegate.swift */,
				9BD5A2E32581AE1C00B5D320 /* SceneDelegate.swift */,
				9BD5A2ED2581AE1E00B5D320 /* Assets.xcassets */,
				9BD5A2EF2581AE1E00B5D320 /* LaunchScreen.storyboard */,
				9BD5A2F22581AE1E00B5D320 /* Info.plist */,
				9BD5A2EA2581AE1C00B5D320 /* revision_paper_01.xcdatamodeld */,
			);
			path = revision_paper_01;
			sourceTree = "<group>";
		};
		9BD5A2FC2581B0FD00B5D320 /* Controller */ = {
			isa = PBXGroup;
			children = (
				9BD5A2E52581AE1C00B5D320 /* ViewController.swift */,
				9BD5A2F92581B0F000B5D320 /* RecipeTableViewController.swift */,
				9BD5A2FF2581B25B00B5D320 /* AddRecipeViewController.swift */,
			);
			path = Controller;
			sourceTree = "<group>";
		};
/* End PBXGroup section */

/* Begin PBXNativeTarget section */
		9BD5A2DD2581AE1C00B5D320 /* revision_paper_01 */ = {
			isa = PBXNativeTarget;
			buildConfigurationList = 9BD5A2F52581AE1E00B5D320 /* Build configuration list for PBXNativeTarget "revision_paper_01" */;
			buildPhases = (
				9BD5A2DA2581AE1C00B5D320 /* Sources */,
				9BD5A2DB2581AE1C00B5D320 /* Frameworks */,
				9BD5A2DC2581AE1C00B5D320 /* Resources */,
			);
			buildRules = (
			);
			dependencies = (
			);
			name = revision_paper_01;
			productName = revision_paper_01;
			productReference = 9BD5A2DE2581AE1C00B5D320 /* revision_paper_01.app */;
			productType = "com.apple.product-type.application";
		};
/* End PBXNativeTarget section */

/* Begin PBXProject section */
		9BD5A2D62581AE1C00B5D320 /* Project object */ = {
			isa = PBXProject;
			attributes = {
				LastSwiftUpdateCheck = 1220;
				LastUpgradeCheck = 1220;
				TargetAttributes = {
					9BD5A2DD2581AE1C00B5D320 = {
						CreatedOnToolsVersion = 12.2;
					};
				};
			};
			buildConfigurationList = 9BD5A2D92581AE1C00B5D320 /* Build configuration list for PBXProject "revision_paper_01" */;
			compatibilityVersion = "Xcode 9.3";
			developmentRegion = en;
			hasScannedForEncodings = 0;
			knownRegions = (
				en,
				Base,
			);
			mainGroup = 9BD5A2D52581AE1C00B5D320;
			productRefGroup = 9BD5A2DF2581AE1C00B5D320 /* Products */;
			projectDirPath = "";
			projectRoot = "";
			targets = (
				9BD5A2DD2581AE1C00B5D320 /* revision_paper_01 */,
			);
		};
/* End PBXProject section */

/* Begin PBXResourcesBuildPhase section */
		9BD5A2DC2581AE1C00B5D320 /* Resources */ = {
			isa = PBXResourcesBuildPhase;
			buildActionMask = 2147483647;
			files = (
				9BD5A2F12581AE1E00B5D320 /* LaunchScreen.storyboard in Resources */,
				9BD5A2EE2581AE1E00B5D320 /* Assets.xcassets in Resources */,
				9BD5A2E92581AE1C00B5D320 /* Main.storyboard in Resources */,
			);
			runOnlyForDeploymentPostprocessing = 0;
		};
/* End PBXResourcesBuildPhase section */

/* Begin PBXSourcesBuildPhase section */
		9BD5A2DA2581AE1C00B5D320 /* Sources */ = {
			isa = PBXSourcesBuildPhase;
			buildActionMask = 2147483647;
			files = (
				9BD5A3002581B25B00B5D320 /* AddRecipeViewController.swift in Sources */,
				9BD5A2EC2581AE1C00B5D320 /* revision_paper_01.xcdatamodeld in Sources */,
				9BD5A2E62581AE1C00B5D320 /* ViewController.swift in Sources */,
				9BD5A2E22581AE1C00B5D320 /* AppDelegate.swift in Sources */,
				9BD5A2E42581AE1C00B5D320 /* SceneDelegate.swift in Sources */,
				9BD5A2FA2581B0F000B5D320 /* RecipeTableViewController.swift in Sources */,
			);
			runOnlyForDeploymentPostprocessing = 0;
		};
/* End PBXSourcesBuildPhase section */

/* Begin PBXVariantGroup section */
		9BD5A2E72581AE1C00B5D320 /* Main.storyboard */ = {
			isa = PBXVariantGroup;
			children = (
				9BD5A2E82581AE1C00B5D320 /* Base */,
			);
			name = Main.storyboard;
			sourceTree = "<group>";
		};
		9BD5A2EF2581AE1E00B5D320 /* LaunchScreen.storyboard */ = {
			isa = PBXVariantGroup;
			children = (
				9BD5A2F02581AE1E00B5D320 /* Base */,
			);
			name = LaunchScreen.storyboard;
			sourceTree = "<group>";
		};
/* End PBXVariantGroup section */

/* Begin XCBuildConfiguration section */
		9BD5A2F32581AE1E00B5D320 /* Debug */ = {
			isa = XCBuildConfiguration;
			buildSettings = {
				ALWAYS_SEARCH_USER_PATHS = NO;
				CLANG_ANALYZER_NONNULL = YES;
				CLANG_ANALYZER_NUMBER_OBJECT_CONVERSION = YES_AGGRESSIVE;
				CLANG_CXX_LANGUAGE_STANDARD = "gnu++14";
				CLANG_CXX_LIBRARY = "libc++";
				CLANG_ENABLE_MODULES = YES;
				CLANG_ENABLE_OBJC_ARC = YES;
				CLANG_ENABLE_OBJC_WEAK = YES;
				CLANG_WARN_BLOCK_CAPTURE_AUTORELEASING = YES;
				CLANG_WARN_BOOL_CONVERSION = YES;
				CLANG_WARN_COMMA = YES;
				CLANG_WARN_CONSTANT_CONVERSION = YES;
				CLANG_WARN_DEPRECATED_OBJC_IMPLEMENTATIONS = YES;
				CLANG_WARN_DIRECT_OBJC_ISA_USAGE = YES_ERROR;
				CLANG_WARN_DOCUMENTATION_COMMENTS = YES;
				CLANG_WARN_EMPTY_BODY = YES;
				CLANG_WARN_ENUM_CONVERSION = YES;
				CLANG_WARN_INFINITE_RECURSION = YES;
				CLANG_WARN_INT_CONVERSION = YES;
				CLANG_WARN_NON_LITERAL_NULL_CONVERSION = YES;
				CLANG_WARN_OBJC_IMPLICIT_RETAIN_SELF = YES;
				CLANG_WARN_OBJC_LITERAL_CONVERSION = YES;
				CLANG_WARN_OBJC_ROOT_CLASS = YES_ERROR;
				CLANG_WARN_QUOTED_INCLUDE_IN_FRAMEWORK_HEADER = YES;
				CLANG_WARN_RANGE_LOOP_ANALYSIS = YES;
				CLANG_WARN_STRICT_PROTOTYPES = YES;
				CLANG_WARN_SUSPICIOUS_MOVE = YES;
				CLANG_WARN_UNGUARDED_AVAILABILITY = YES_AGGRESSIVE;
				CLANG_WARN_UNREACHABLE_CODE = YES;
				CLANG_WARN__DUPLICATE_METHOD_MATCH = YES;
				COPY_PHASE_STRIP = NO;
				DEBUG_INFORMATION_FORMAT = dwarf;
				ENABLE_STRICT_OBJC_MSGSEND = YES;
				ENABLE_TESTABILITY = YES;
				GCC_C_LANGUAGE_STANDARD = gnu11;
				GCC_DYNAMIC_NO_PIC = NO;
				GCC_NO_COMMON_BLOCKS = YES;
				GCC_OPTIMIZATION_LEVEL = 0;
				GCC_PREPROCESSOR_DEFINITIONS = (
					"DEBUG=1",
					"$(inherited)",
				);
				GCC_WARN_64_TO_32_BIT_CONVERSION = YES;
				GCC_WARN_ABOUT_RETURN_TYPE = YES_ERROR;
				GCC_WARN_UNDECLARED_SELECTOR = YES;
				GCC_WARN_UNINITIALIZED_AUTOS = YES_AGGRESSIVE;
				GCC_WARN_UNUSED_FUNCTION = YES;
				GCC_WARN_UNUSED_VARIABLE = YES;
				IPHONEOS_DEPLOYMENT_TARGET = 14.2;
				MTL_ENABLE_DEBUG_INFO = INCLUDE_SOURCE;
				MTL_FAST_MATH = YES;
				ONLY_ACTIVE_ARCH = YES;
				SDKROOT = iphoneos;
				SWIFT_ACTIVE_COMPILATION_CONDITIONS = DEBUG;
				SWIFT_OPTIMIZATION_LEVEL = "-Onone";
			};
			name = Debug;
		};
		9BD5A2F42581AE1E00B5D320 /* Release */ = {
			isa = XCBuildConfiguration;
			buildSettings = {
				ALWAYS_SEARCH_USER_PATHS = NO;
				CLANG_ANALYZER_NONNULL = YES;
				CLANG_ANALYZER_NUMBER_OBJECT_CONVERSION = YES_AGGRESSIVE;
				CLANG_CXX_LANGUAGE_STANDARD = "gnu++14";
				CLANG_CXX_LIBRARY = "libc++";
				CLANG_ENABLE_MODULES = YES;
				CLANG_ENABLE_OBJC_ARC = YES;
				CLANG_ENABLE_OBJC_WEAK = YES;
				CLANG_WARN_BLOCK_CAPTURE_AUTORELEASING = YES;
				CLANG_WARN_BOOL_CONVERSION = YES;
				CLANG_WARN_COMMA = YES;
				CLANG_WARN_CONSTANT_CONVERSION = YES;
				CLANG_WARN_DEPRECATED_OBJC_IMPLEMENTATIONS = YES;
				CLANG_WARN_DIRECT_OBJC_ISA_USAGE = YES_ERROR;
				CLANG_WARN_DOCUMENTATION_COMMENTS = YES;
				CLANG_WARN_EMPTY_BODY = YES;
				CLANG_WARN_ENUM_CONVERSION = YES;
				CLANG_WARN_INFINITE_RECURSION = YES;
				CLANG_WARN_INT_CONVERSION = YES;
				CLANG_WARN_NON_LITERAL_NULL_CONVERSION = YES;
				CLANG_WARN_OBJC_IMPLICIT_RETAIN_SELF = YES;
				CLANG_WARN_OBJC_LITERAL_CONVERSION = YES;
				CLANG_WARN_OBJC_ROOT_CLASS = YES_ERROR;
				CLANG_WARN_QUOTED_INCLUDE_IN_FRAMEWORK_HEADER = YES;
				CLANG_WARN_RANGE_LOOP_ANALYSIS = YES;
				CLANG_WARN_STRICT_PROTOTYPES = YES;
				CLANG_WARN_SUSPICIOUS_MOVE = YES;
				CLANG_WARN_UNGUARDED_AVAILABILITY = YES_AGGRESSIVE;
				CLANG_WARN_UNREACHABLE_CODE = YES;
				CLANG_WARN__DUPLICATE_METHOD_MATCH = YES;
				COPY_PHASE_STRIP = NO;
				DEBUG_INFORMATION_FORMAT = "dwarf-with-dsym";
				ENABLE_NS_ASSERTIONS = NO;
				ENABLE_STRICT_OBJC_MSGSEND = YES;
				GCC_C_LANGUAGE_STANDARD = gnu11;
				GCC_NO_COMMON_BLOCKS = YES;
				GCC_WARN_64_TO_32_BIT_CONVERSION = YES;
				GCC_WARN_ABOUT_RETURN_TYPE = YES_ERROR;
				GCC_WARN_UNDECLARED_SELECTOR = YES;
				GCC_WARN_UNINITIALIZED_AUTOS = YES_AGGRESSIVE;
				GCC_WARN_UNUSED_FUNCTION = YES;
				GCC_WARN_UNUSED_VARIABLE = YES;
				IPHONEOS_DEPLOYMENT_TARGET = 14.2;
				MTL_ENABLE_DEBUG_INFO = NO;
				MTL_FAST_MATH = YES;
				SDKROOT = iphoneos;
				SWIFT_COMPILATION_MODE = wholemodule;
				SWIFT_OPTIMIZATION_LEVEL = "-O";
				VALIDATE_PRODUCT = YES;
			};
			name = Release;
		};
		9BD5A2F62581AE1E00B5D320 /* Debug */ = {
			isa = XCBuildConfiguration;
			buildSettings = {
				ASSETCATALOG_COMPILER_APPICON_NAME = AppIcon;
				ASSETCATALOG_COMPILER_GLOBAL_ACCENT_COLOR_NAME = AccentColor;
				CODE_SIGN_STYLE = Automatic;
				DEVELOPMENT_TEAM = 55X6A2Q9Q6;
				INFOPLIST_FILE = revision_paper_01/Info.plist;
				LD_RUNPATH_SEARCH_PATHS = (
					"$(inherited)",
					"@executable_path/Frameworks",
				);
				PRODUCT_BUNDLE_IDENTIFIER = "sg.mad2.revision-paper-01";
				PRODUCT_NAME = "$(TARGET_NAME)";
				SWIFT_VERSION = 5.0;
				TARGETED_DEVICE_FAMILY = "1,2";
			};
			name = Debug;
		};
		9BD5A2F72581AE1E00B5D320 /* Release */ = {
			isa = XCBuildConfiguration;
			buildSettings = {
				ASSETCATALOG_COMPILER_APPICON_NAME = AppIcon;
				ASSETCATALOG_COMPILER_GLOBAL_ACCENT_COLOR_NAME = AccentColor;
				CODE_SIGN_STYLE = Automatic;
				DEVELOPMENT_TEAM = 55X6A2Q9Q6;
				INFOPLIST_FILE = revision_paper_01/Info.plist;
				LD_RUNPATH_SEARCH_PATHS = (
					"$(inherited)",
					"@executable_path/Frameworks",
				);
				PRODUCT_BUNDLE_IDENTIFIER = "sg.mad2.revision-paper-01";
				PRODUCT_NAME = "$(TARGET_NAME)";
				SWIFT_VERSION = 5.0;
				TARGETED_DEVICE_FAMILY = "1,2";
			};
			name = Release;
		};
/* End XCBuildConfiguration section */

/* Begin XCConfigurationList section */
		9BD5A2D92581AE1C00B5D320 /* Build configuration list for PBXProject "revision_paper_01" */ = {
			isa = XCConfigurationList;
			buildConfigurations = (
				9BD5A2F32581AE1E00B5D320 /* Debug */,
				9BD5A2F42581AE1E00B5D320 /* Release */,
			);
			defaultConfigurationIsVisible = 0;
			defaultConfigurationName = Release;
		};
		9BD5A2F52581AE1E00B5D320 /* Build configuration list for PBXNativeTarget "revision_paper_01" */ = {
			isa = XCConfigurationList;
			buildConfigurations = (
				9BD5A2F62581AE1E00B5D320 /* Debug */,
				9BD5A2F72581AE1E00B5D320 /* Release */,
			);
			defaultConfigurationIsVisible = 0;
			defaultConfigurationName = Release;
		};
/* End XCConfigurationList section */

/* Begin XCVersionGroup section */
		9BD5A2EA2581AE1C00B5D320 /* revision_paper_01.xcdatamodeld */ = {
			isa = XCVersionGroup;
			children = (
				9BD5A2EB2581AE1C00B5D320 /* revision_paper_01.xcdatamodel */,
			);
			currentVersion = 9BD5A2EB2581AE1C00B5D320 /* revision_paper_01.xcdatamodel */;
			path = revision_paper_01.xcdatamodeld;
			sourceTree = "<group>";
			versionGroupType = wrapper.xcdatamodel;
		};
/* End XCVersionGroup section */
	};
	rootObject = 9BD5A2D62581AE1C00B5D320 /* Project object */;
}
